
Microsoft Visual Studio Solution File, Format Version 12.00
# Visual Studio Version 16
VisualStudioVersion = 16.0.31129.286
MinimumVisualStudioVersion = 10.0.40219.1
Project("{FAE04EC0-301F-11D3-BF4B-00C04F79EFBC}") = "AppUpdateManager", "AppUpdateManager\AppUpdateManager.csproj", "{37832A9A-EB26-4400-879F-AE922A928D57}"
EndProject
Project("{FAE04EC0-301F-11D3-BF4B-00C04F79EFBC}") = "AppUpdateClient", "AppUpdateClient\AppUpdateClient.csproj", "{BE6E38D6-E889-4D72-9F5A-5A4AAC826D66}"
EndProject
Project("{FAE04EC0-301F-11D3-BF4B-00C04F79EFBC}") = "AppUpdateModel", "AppUpdateModel\AppUpdateModel.csproj", "{94F1A0AF-F9E7-44A3-AF36-8C1A87F480BE}"
EndProject
Global
	GlobalSection(SolutionConfigurationPlatforms) = preSolution
		Debug|Any CPU = Debug|Any CPU
		Release|Any CPU = Release|Any CPU
	EndGlobalSection
	GlobalSection(ProjectConfigurationPlatforms) = postSolution
		{37832A9A-EB26-4400-879F-AE922A928D57}.Debug|Any CPU.ActiveCfg = Debug|Any CPU
		{37832A9A-EB26-4400-879F-AE922A928D57}.Debug|Any CPU.Build.0 = Debug|Any CPU
		{37832A9A-EB26-4400-879F-AE922A928D57}.Release|Any CPU.ActiveCfg = Release|Any CPU
		{37832A9A-EB26-4400-879F-AE922A928D57}.Release|Any CPU.Build.0 = Release|Any CPU
		{BE6E38D6-E889-4D72-9F5A-5A4AAC826D66}.Debug|Any CPU.ActiveCfg = Debug|Any CPU
		{BE6E38D6-E889-4D72-9F5A-5A4AAC826D66}.Debug|Any CPU.Build.0 = Debug|Any CPU
		{BE6E38D6-E889-4D72-9F5A-5A4AAC826D66}.Release|Any CPU.ActiveCfg = Release|Any CPU
		{BE6E38D6-E889-4D72-9F5A-5A4AAC826D66}.Release|Any CPU.Build.0 = Release|Any CPU
		{94F1A0AF-F9E7-44A3-AF36-8C1A87F480BE}.Debug|Any CPU.ActiveCfg = Debug|Any CPU
		{94F1A0AF-F9E7-44A3-AF36-8C1A87F480BE}.Debug|Any CPU.Build.0 = Debug|Any CPU
		{94F1A0AF-F9E7-44A3-AF36-8C1A87F480BE}.Release|Any CPU.ActiveCfg = Release|Any CPU
		{94F1A0AF-F9E7-44A3-AF36-8C1A87F480BE}.Release|Any CPU.Build.0 = Release|Any CPU
	EndGlobalSection
	GlobalSection(SolutionProperties) = preSolution
		HideSolutionNode = FALSE
	EndGlobalSection
	GlobalSection(ExtensibilityGlobals) = postSolution
		SolutionGuid = {432CD49C-DF35-4B0C-8CAB-1AA2976A02D2}
	EndGlobalSection
EndGlobal
